
Microsoft Visual Studio Solution File, Format Version 12.00
# Visual Studio 15
VisualStudioVersion = 15.0.27130.2010
MinimumVisualStudioVersion = 10.0.40219.1
Project("{FAE04EC0-301F-11D3-BF4B-00C04F79EFBC}") = "winform2705", "winform2705.csproj", "{FB3937B9-549F-4C0F-BA82-9CCA898883F9}"
EndProject
Global
	GlobalSection(SolutionConfigurationPlatforms) = preSolution
		Debug|Any CPU = Debug|Any CPU
		Release|Any CPU = Release|Any CPU
	EndGlobalSection
	GlobalSection(ProjectConfigurationPlatforms) = postSolution
		{FB3937B9-549F-4C0F-BA82-9CCA898883F9}.Debug|Any CPU.ActiveCfg = Debug|Any CPU
		{FB3937B9-549F-4C0F-BA82-9CCA898883F9}.Debug|Any CPU.Build.0 = Debug|Any CPU
		{FB3937B9-549F-4C0F-BA82-9CCA898883F9}.Release|Any CPU.ActiveCfg = Release|Any CPU
		{FB3937B9-549F-4C0F-BA82-9CCA898883F9}.Release|Any CPU.Build.0 = Release|Any CPU
	EndGlobalSection
	GlobalSection(SolutionProperties) = preSolution
		HideSolutionNode = FALSE
	EndGlobalSection
	GlobalSection(ExtensibilityGlobals) = postSolution
		SolutionGuid = {F1894E0C-0556-42B0-8458-C221EB5457CA}
	EndGlobalSection
EndGlobal
